
Microsoft Visual Studio Solution File, Format Version 12.00
# Visual Studio 15
VisualStudioVersion = 15.0.28307.329
MinimumVisualStudioVersion = 10.0.40219.1
Project("{FAE04EC0-301F-11D3-BF4B-00C04F79EFBC}") = "HNLiVendConfigurationAddon", "HNLiVendConfigurationAddon\HNLiVendConfigurationAddon.csproj", "{38E865D0-00A1-4CE3-A01A-EA181588A16D}"
EndProject
Project("{FAE04EC0-301F-11D3-BF4B-00C04F79EFBC}") = "HNLiVend", "HNLiVend\HNLiVend.csproj", "{7D60491C-6CAB-4399-900B-0FFC30E116D2}"
EndProject
Project("{FAE04EC0-301F-11D3-BF4B-00C04F79EFBC}") = "HNLCore", "HNLCore\HNLCore.csproj", "{E0901145-325E-4340-8443-6DF84D2BFC20}"
EndProject
Global
	GlobalSection(SolutionConfigurationPlatforms) = preSolution
		Debug|Any CPU = Debug|Any CPU
		Release|Any CPU = Release|Any CPU
	EndGlobalSection
	GlobalSection(ProjectConfigurationPlatforms) = postSolution
		{38E865D0-00A1-4CE3-A01A-EA181588A16D}.Debug|Any CPU.ActiveCfg = Debug|Any CPU
		{38E865D0-00A1-4CE3-A01A-EA181588A16D}.Debug|Any CPU.Build.0 = Debug|Any CPU
		{38E865D0-00A1-4CE3-A01A-EA181588A16D}.Release|Any CPU.ActiveCfg = Release|Any CPU
		{38E865D0-00A1-4CE3-A01A-EA181588A16D}.Release|Any CPU.Build.0 = Release|Any CPU
		{7D60491C-6CAB-4399-900B-0FFC30E116D2}.Debug|Any CPU.ActiveCfg = Debug|Any CPU
		{7D60491C-6CAB-4399-900B-0FFC30E116D2}.Debug|Any CPU.Build.0 = Debug|Any CPU
		{7D60491C-6CAB-4399-900B-0FFC30E116D2}.Release|Any CPU.ActiveCfg = Release|Any CPU
		{7D60491C-6CAB-4399-900B-0FFC30E116D2}.Release|Any CPU.Build.0 = Release|Any CPU
		{E0901145-325E-4340-8443-6DF84D2BFC20}.Debug|Any CPU.ActiveCfg = Debug|Any CPU
		{E0901145-325E-4340-8443-6DF84D2BFC20}.Debug|Any CPU.Build.0 = Debug|Any CPU
		{E0901145-325E-4340-8443-6DF84D2BFC20}.Release|Any CPU.ActiveCfg = Release|Any CPU
		{E0901145-325E-4340-8443-6DF84D2BFC20}.Release|Any CPU.Build.0 = Release|Any CPU
	EndGlobalSection
	GlobalSection(SolutionProperties) = preSolution
		HideSolutionNode = FALSE
	EndGlobalSection
	GlobalSection(ExtensibilityGlobals) = postSolution
		SolutionGuid = {B74445D7-BC51-4298-A0DD-A0014F580601}
	EndGlobalSection
EndGlobal
